
Microsoft Visual Studio Solution File, Format Version 12.00
# Visual Studio Version 16
VisualStudioVersion = 16.0.31019.35
MinimumVisualStudioVersion = 10.0.40219.1
Project("{9A19103F-16F7-4668-BE54-9A1E7A4F7556}") = "UserRegistration", "UserRegistration\UserRegistration.csproj", "{D5FEE27F-AEF5-41C3-B4D0-816929C4DA8F}"
EndProject
Project("{FAE04EC0-301F-11D3-BF4B-00C04F79EFBC}") = "UnitTestUserRegistration", "UnitTestUserRegistration\UnitTestUserRegistration.csproj", "{F0BE9C62-EA64-4ABC-9F5E-447B7D912FD2}"
EndProject
Project("{FAE04EC0-301F-11D3-BF4B-00C04F79EFBC}") = "UserRegistrationUnitTesting", "UserRegistrationUnitTesting\UserRegistrationUnitTesting.csproj", "{54476543-2144-41E1-BDD8-56BFF0B48A42}"
EndProject
Global
	GlobalSection(SolutionConfigurationPlatforms) = preSolution
		Debug|Any CPU = Debug|Any CPU
		Release|Any CPU = Release|Any CPU
	EndGlobalSection
	GlobalSection(ProjectConfigurationPlatforms) = postSolution
		{D5FEE27F-AEF5-41C3-B4D0-816929C4DA8F}.Debug|Any CPU.ActiveCfg = Debug|Any CPU
		{D5FEE27F-AEF5-41C3-B4D0-816929C4DA8F}.Debug|Any CPU.Build.0 = Debug|Any CPU
		{D5FEE27F-AEF5-41C3-B4D0-816929C4DA8F}.Release|Any CPU.ActiveCfg = Release|Any CPU
		{D5FEE27F-AEF5-41C3-B4D0-816929C4DA8F}.Release|Any CPU.Build.0 = Release|Any CPU
		{F0BE9C62-EA64-4ABC-9F5E-447B7D912FD2}.Debug|Any CPU.ActiveCfg = Debug|Any CPU
		{F0BE9C62-EA64-4ABC-9F5E-447B7D912FD2}.Debug|Any CPU.Build.0 = Debug|Any CPU
		{F0BE9C62-EA64-4ABC-9F5E-447B7D912FD2}.Release|Any CPU.ActiveCfg = Release|Any CPU
		{F0BE9C62-EA64-4ABC-9F5E-447B7D912FD2}.Release|Any CPU.Build.0 = Release|Any CPU
		{54476543-2144-41E1-BDD8-56BFF0B48A42}.Debug|Any CPU.ActiveCfg = Debug|Any CPU
		{54476543-2144-41E1-BDD8-56BFF0B48A42}.Debug|Any CPU.Build.0 = Debug|Any CPU
		{54476543-2144-41E1-BDD8-56BFF0B48A42}.Release|Any CPU.ActiveCfg = Release|Any CPU
		{54476543-2144-41E1-BDD8-56BFF0B48A42}.Release|Any CPU.Build.0 = Release|Any CPU
	EndGlobalSection
	GlobalSection(SolutionProperties) = preSolution
		HideSolutionNode = FALSE
	EndGlobalSection
	GlobalSection(ExtensibilityGlobals) = postSolution
		SolutionGuid = {7821AE3F-6D42-4945-BB2F-CA2D6EBEAB0E}
	EndGlobalSection
EndGlobal
